
Microsoft Visual Studio Solution File, Format Version 12.00
# Visual Studio Version 16
VisualStudioVersion = 16.0.33214.272
MinimumVisualStudioVersion = 10.0.40219.1
Project("{FAE04EC0-301F-11D3-BF4B-00C04F79EFBC}") = "PosDemo", "PosDemo\PosDemo.csproj", "{91AF27AD-6D30-4103-AF35-B93D35F36DA0}"
EndProject
Global
	GlobalSection(SolutionConfigurationPlatforms) = preSolution
		Debug|Any CPU = Debug|Any CPU
		Release|Any CPU = Release|Any CPU
	EndGlobalSection
	GlobalSection(ProjectConfigurationPlatforms) = postSolution
		{91AF27AD-6D30-4103-AF35-B93D35F36DA0}.Debug|Any CPU.ActiveCfg = Debug|Any CPU
		{91AF27AD-6D30-4103-AF35-B93D35F36DA0}.Debug|Any CPU.Build.0 = Debug|Any CPU
		{91AF27AD-6D30-4103-AF35-B93D35F36DA0}.Release|Any CPU.ActiveCfg = Release|Any CPU
		{91AF27AD-6D30-4103-AF35-B93D35F36DA0}.Release|Any CPU.Build.0 = Release|Any CPU
	EndGlobalSection
	GlobalSection(SolutionProperties) = preSolution
		HideSolutionNode = FALSE
	EndGlobalSection
	GlobalSection(ExtensibilityGlobals) = postSolution
		SolutionGuid = {45850B11-A9FC-4A81-80B3-05F781605A27}
	EndGlobalSection
EndGlobal
